// !$*UTF8*$!
{
	archiveVersion = 1;
	classes = {
	};
	objectVersion = 77;
	objects = {

/* Begin PBXBuildFile section */
		673BA8E32EADCB1300BF0F3C /* FirebaseAppCheck in Frameworks */ = {isa = PBXBuildFile; productRef = 673BA8E22EADCB1300BF0F3C /* FirebaseAppCheck */; };
		673BA8E52EADCB1300BF0F3C /* FirebaseAppDistribution-Beta in Frameworks */ = {isa = PBXBuildFile; productRef = 673BA8E42EADCB1300BF0F3C /* FirebaseAppDistribution-Beta */; };
		673BA8E72EADCB1300BF0F3C /* FirebaseAuthCombine-Community in Frameworks */ = {isa = PBXBuildFile; productRef = 673BA8E62EADCB1300BF0F3C /* FirebaseAuthCombine-Community */; };
		673BA8E92EADCB1300BF0F3C /* FirebaseFirestoreCombine-Community in Frameworks */ = {isa = PBXBuildFile; productRef = 673BA8E82EADCB1300BF0F3C /* FirebaseFirestoreCombine-Community */; };
		673BA8EB2EADCB1300BF0F3C /* FirebaseFunctionsCombine-Community in Frameworks */ = {isa = PBXBuildFile; productRef = 673BA8EA2EADCB1300BF0F3C /* FirebaseFunctionsCombine-Community */; };
		673BA8ED2EADCB1300BF0F3C /* FirebaseInAppMessaging-Beta in Frameworks */ = {isa = PBXBuildFile; productRef = 673BA8EC2EADCB1300BF0F3C /* FirebaseInAppMessaging-Beta */; };
		673BA8EF2EADCB1300BF0F3C /* FirebaseRemoteConfig in Frameworks */ = {isa = PBXBuildFile; productRef = 673BA8EE2EADCB1300BF0F3C /* FirebaseRemoteConfig */; };
		676A0EA82E50E4E700709431 /* FirebaseAnalytics in Frameworks */ = {isa = PBXBuildFile; productRef = 676A0EA72E50E4E700709431 /* FirebaseAnalytics */; };
		676A0EAA2E50E4E700709431 /* FirebaseAuth in Frameworks */ = {isa = PBXBuildFile; productRef = 676A0EA92E50E4E700709431 /* FirebaseAuth */; };
		676A0EAC2E50E4E700709431 /* FirebaseCore in Frameworks */ = {isa = PBXBuildFile; productRef = 676A0EAB2E50E4E700709431 /* FirebaseCore */; };
		676A0EAE2E50E4E700709431 /* FirebaseCrashlytics in Frameworks */ = {isa = PBXBuildFile; productRef = 676A0EAD2E50E4E700709431 /* FirebaseCrashlytics */; };
		676A0EB02E50E4E700709431 /* FirebaseDatabase in Frameworks */ = {isa = PBXBuildFile; productRef = 676A0EAF2E50E4E700709431 /* FirebaseDatabase */; };
		676A0EB22E50E4E700709431 /* FirebaseFirestore in Frameworks */ = {isa = PBXBuildFile; productRef = 676A0EB12E50E4E700709431 /* FirebaseFirestore */; };
		676A0EB42E50E4E700709431 /* FirebaseFunctions in Frameworks */ = {isa = PBXBuildFile; productRef = 676A0EB32E50E4E700709431 /* FirebaseFunctions */; };
		676A0EB62E50E4E700709431 /* FirebaseMessaging in Frameworks */ = {isa = PBXBuildFile; productRef = 676A0EB52E50E4E700709431 /* FirebaseMessaging */; };
		676A0EB82E50E4E700709431 /* FirebaseStorage in Frameworks */ = {isa = PBXBuildFile; productRef = 676A0EB72E50E4E700709431 /* FirebaseStorage */; };
/* End PBXBuildFile section */

/* Begin PBXFileReference section */
		676A0E292E50E40600709431 /* StitchSocial.app */ = {isa = PBXFileReference; explicitFileType = wrapper.application; includeInIndex = 0; path = StitchSocial.app; sourceTree = BUILT_PRODUCTS_DIR; };
/* End PBXFileReference section */

/* Begin PBXFileSystemSynchronizedBuildFileExceptionSet section */
		676A0E392E50E40800709431 /* Exceptions for "StitchSocial" folder in "StitchSocial" target */ = {
			isa = PBXFileSystemSynchronizedBuildFileExceptionSet;
			membershipExceptions = (
				Info.plist,
			);
			target = 676A0E282E50E40600709431 /* StitchSocial */;
		};
/* End PBXFileSystemSynchronizedBuildFileExceptionSet section */

/* Begin PBXFileSystemSynchronizedRootGroup section */
		676A0E2B2E50E40600709431 /* StitchSocial */ = {
			isa = PBXFileSystemSynchronizedRootGroup;
			exceptions = (
				676A0E392E50E40800709431 /* Exceptions for "StitchSocial" folder in "StitchSocial" target */,
			);
			path = StitchSocial;
			sourceTree = "<group>";
		};
/* End PBXFileSystemSynchronizedRootGroup section */

/* Begin PBXFrameworksBuildPhase section */
		676A0E262E50E40600709431 /* Frameworks */ = {
			isa = PBXFrameworksBuildPhase;
			buildActionMask = 2147483647;
			files = (
				673BA8E92EADCB1300BF0F3C /* FirebaseFirestoreCombine-Community in Frameworks */,
				676A0EB62E50E4E700709431 /* FirebaseMessaging in Frameworks */,
				676A0EB02E50E4E700709431 /* FirebaseDatabase in Frameworks */,
				676A0EB82E50E4E700709431 /* FirebaseStorage in Frameworks */,
				676A0EB42E50E4E700709431 /* FirebaseFunctions in Frameworks */,
				676A0EA82E50E4E700709431 /* FirebaseAnalytics in Frameworks */,
				676A0EAE2E50E4E700709431 /* FirebaseCrashlytics in Frameworks */,
				673BA8EF2EADCB1300BF0F3C /* FirebaseRemoteConfig in Frameworks */,
				673BA8EB2EADCB1300BF0F3C /* FirebaseFunctionsCombine-Community in Frameworks */,
				676A0EAC2E50E4E700709431 /* FirebaseCore in Frameworks */,
				673BA8E72EADCB1300BF0F3C /* FirebaseAuthCombine-Community in Frameworks */,
				676A0EAA2E50E4E700709431 /* FirebaseAuth in Frameworks */,
				673BA8E32EADCB1300BF0F3C /* FirebaseAppCheck in Frameworks */,
				673BA8E52EADCB1300BF0F3C /* FirebaseAppDistribution-Beta in Frameworks */,
				676A0EB22E50E4E700709431 /* FirebaseFirestore in Frameworks */,
				673BA8ED2EADCB1300BF0F3C /* FirebaseInAppMessaging-Beta in Frameworks */,
			);
			runOnlyForDeploymentPostprocessing = 0;
		};
/* End PBXFrameworksBuildPhase section */

/* Begin PBXGroup section */
		676A0E202E50E40600709431 = {
			isa = PBXGroup;
			children = (
				676A0E2B2E50E40600709431 /* StitchSocial */,
				676A0E2A2E50E40600709431 /* Products */,
			);
			sourceTree = "<group>";
		};
		676A0E2A2E50E40600709431 /* Products */ = {
			isa = PBXGroup;
			children = (
				676A0E292E50E40600709431 /* StitchSocial.app */,
			);
			name = Products;
			sourceTree = "<group>";
		};
/* End PBXGroup section */

/* Begin PBXNativeTarget section */
		676A0E282E50E40600709431 /* StitchSocial */ = {
			isa = PBXNativeTarget;
			buildConfigurationList = 676A0E3A2E50E40800709431 /* Build configuration list for PBXNativeTarget "StitchSocial" */;
			buildPhases = (
				676A0E252E50E40600709431 /* Sources */,
				676A0E262E50E40600709431 /* Frameworks */,
				676A0E272E50E40600709431 /* Resources */,
			);
			buildRules = (
			);
			dependencies = (
			);
			fileSystemSynchronizedGroups = (
				676A0E2B2E50E40600709431 /* StitchSocial */,
			);
			name = StitchSocial;
			packageProductDependencies = (
				676A0EA72E50E4E700709431 /* FirebaseAnalytics */,
				676A0EA92E50E4E700709431 /* FirebaseAuth */,
				676A0EAB2E50E4E700709431 /* FirebaseCore */,
				676A0EAD2E50E4E700709431 /* FirebaseCrashlytics */,
				676A0EAF2E50E4E700709431 /* FirebaseDatabase */,
				676A0EB12E50E4E700709431 /* FirebaseFirestore */,
				676A0EB32E50E4E700709431 /* FirebaseFunctions */,
				676A0EB52E50E4E700709431 /* FirebaseMessaging */,
				676A0EB72E50E4E700709431 /* FirebaseStorage */,
				673BA8E22EADCB1300BF0F3C /* FirebaseAppCheck */,
				673BA8E42EADCB1300BF0F3C /* FirebaseAppDistribution-Beta */,
				673BA8E62EADCB1300BF0F3C /* FirebaseAuthCombine-Community */,
				673BA8E82EADCB1300BF0F3C /* FirebaseFirestoreCombine-Community */,
				673BA8EA2EADCB1300BF0F3C /* FirebaseFunctionsCombine-Community */,
				673BA8EC2EADCB1300BF0F3C /* FirebaseInAppMessaging-Beta */,
				673BA8EE2EADCB1300BF0F3C /* FirebaseRemoteConfig */,
			);
			productName = StitchSocial;
			productReference = 676A0E292E50E40600709431 /* StitchSocial.app */;
			productType = "com.apple.product-type.application";
		};
/* End PBXNativeTarget section */

/* Begin PBXProject section */
		676A0E212E50E40600709431 /* Project object */ = {
			isa = PBXProject;
			attributes = {
				BuildIndependentTargetsInParallel = 1;
				LastSwiftUpdateCheck = 1640;
				LastUpgradeCheck = 1640;
				TargetAttributes = {
					676A0E282E50E40600709431 = {
						CreatedOnToolsVersion = 16.4;
					};
				};
			};
			buildConfigurationList = 676A0E242E50E40600709431 /* Build configuration list for PBXProject "StitchSocial" */;
			developmentRegion = en;
			hasScannedForEncodings = 0;
			knownRegions = (
				en,
				Base,
			);
			mainGroup = 676A0E202E50E40600709431;
			minimizedProjectReferenceProxies = 1;
			packageReferences = (
				676A0EA62E50E4E700709431 /* XCRemoteSwiftPackageReference "firebase-ios-sdk" */,
			);
			preferredProjectObjectVersion = 77;
			productRefGroup = 676A0E2A2E50E40600709431 /* Products */;
			projectDirPath = "";
			projectRoot = "";
			targets = (
				676A0E282E50E40600709431 /* StitchSocial */,
			);
		};
/* End PBXProject section */

/* Begin PBXResourcesBuildPhase section */
		676A0E272E50E40600709431 /* Resources */ = {
			isa = PBXResourcesBuildPhase;
			buildActionMask = 2147483647;
			files = (
			);
			runOnlyForDeploymentPostprocessing = 0;
		};
/* End PBXResourcesBuildPhase section */

/* Begin PBXSourcesBuildPhase section */
		676A0E252E50E40600709431 /* Sources */ = {
			isa = PBXSourcesBuildPhase;
			buildActionMask = 2147483647;
			files = (
			);
			runOnlyForDeploymentPostprocessing = 0;
		};
/* End PBXSourcesBuildPhase section */

/* Begin XCBuildConfiguration section */
		676A0E3B2E50E40800709431 /* Debug */ = {
			isa = XCBuildConfiguration;
			buildSettings = {
				ASSETCATALOG_COMPILER_APPICON_NAME = AppIcon;
				ASSETCATALOG_COMPILER_GLOBAL_ACCENT_COLOR_NAME = AccentColor;
				ASSETCATALOG_COMPILER_INCLUDE_ALL_APPICON_ASSETS = NO;
				CODE_SIGN_ENTITLEMENTS = StitchSocial/StitchSocial.entitlements;
				CODE_SIGN_STYLE = Automatic;
				CURRENT_PROJECT_VERSION = 1;
				DEVELOPMENT_TEAM = ULR7W726N5;
				ENABLE_PREVIEWS = YES;
				GENERATE_INFOPLIST_FILE = YES;
				INFOPLIST_FILE = StitchSocial/Info.plist;
				INFOPLIST_KEY_CFBundleDisplayName = "Stitch Social";
				INFOPLIST_KEY_LSApplicationCategoryType = "public.app-category.social-networking";
				INFOPLIST_KEY_NSCameraUsageDescription = "Stitch Social needs camera access to record and share videos with your community.";
				INFOPLIST_KEY_NSHumanReadableCopyright = "";
				INFOPLIST_KEY_NSMicrophoneUsageDescription = "Stitch Social needs microphone access to record audio for your videos.";
				INFOPLIST_KEY_NSPhotoLibraryUsageDescription = "Stitch Social needs photo library access to save and share your recorded videos.";
				INFOPLIST_KEY_UIApplicationSupportsIndirectInputEvents = YES;
				INFOPLIST_KEY_UILaunchScreen_Generation = YES;
				INFOPLIST_KEY_UILaunchStoryboardName = LaunchScreen;
				INFOPLIST_KEY_UIRequiredDeviceCapabilities = arm64;
				INFOPLIST_KEY_UIStatusBarStyle = UIStatusBarStyleLightContent;
				INFOPLIST_KEY_UISupportedInterfaceOrientations = "UIInterfaceOrientationPortrait UIInterfaceOrientationPortraitUpsideDown UIInterfaceOrientationLandscapeLeft UIInterfaceOrientationLandscapeRight";
				INFOPLIST_KEY_UISupportedInterfaceOrientations_iPad = "UIInterfaceOrientationPortrait UIInterfaceOrientationPortraitUpsideDown UIInterfaceOrientationLandscapeLeft UIInterfaceOrientationLandscapeRight";
				INFOPLIST_KEY_UISupportedInterfaceOrientations_iPhone = UIInterfaceOrientationPortrait;
				IPHONEOS_DEPLOYMENT_TARGET = 17.6;
				LD_RUNPATH_SEARCH_PATHS = (
					"$(inherited)",
					"@executable_path/Frameworks",
				);
				MARKETING_VERSION = 1.5;
				PRODUCT_BUNDLE_IDENTIFIER = coldharbor.StitchSocial;
				PRODUCT_NAME = "$(TARGET_NAME)";
				SWIFT_EMIT_LOC_STRINGS = YES;
				SWIFT_VERSION = 5.0;
				TARGETED_DEVICE_FAMILY = "1,2";
			};
			name = Debug;
		};
		676A0E3C2E50E40800709431 /* Release */ = {
			isa = XCBuildConfiguration;
			buildSettings = {
				ASSETCATALOG_COMPILER_APPICON_NAME = AppIcon;
				ASSETCATALOG_COMPILER_GLOBAL_ACCENT_COLOR_NAME = AccentColor;
				ASSETCATALOG_COMPILER_INCLUDE_ALL_APPICON_ASSETS = NO;
				CODE_SIGN_ENTITLEMENTS = StitchSocial/StitchSocial.entitlements;
				CODE_SIGN_STYLE = Automatic;
				CURRENT_PROJECT_VERSION = 1;
				DEVELOPMENT_TEAM = ULR7W726N5;
				ENABLE_PREVIEWS = YES;
				GENERATE_INFOPLIST_FILE = YES;
				INFOPLIST_FILE = StitchSocial/Info.plist;
				INFOPLIST_KEY_CFBundleDisplayName = "Stitch Social";
				INFOPLIST_KEY_LSApplicationCategoryType = "public.app-category.social-networking";
				INFOPLIST_KEY_NSCameraUsageDescription = "Stitch Social needs camera access to record and share videos with your community.";
				INFOPLIST_KEY_NSHumanReadableCopyright = "";
				INFOPLIST_KEY_NSMicrophoneUsageDescription = "Stitch Social needs microphone access to record audio for your videos.";
				INFOPLIST_KEY_NSPhotoLibraryUsageDescription = "Stitch Social needs photo library access to save and share your recorded videos.";
				INFOPLIST_KEY_UIApplicationSupportsIndirectInputEvents = YES;
				INFOPLIST_KEY_UILaunchScreen_Generation = YES;
				INFOPLIST_KEY_UILaunchStoryboardName = LaunchScreen;
				INFOPLIST_KEY_UIRequiredDeviceCapabilities = arm64;
				INFOPLIST_KEY_UIStatusBarStyle = UIStatusBarStyleLightContent;
				INFOPLIST_KEY_UISupportedInterfaceOrientations = "UIInterfaceOrientationPortrait UIInterfaceOrientationPortraitUpsideDown UIInterfaceOrientationLandscapeLeft UIInterfaceOrientationLandscapeRight";
				INFOPLIST_KEY_UISupportedInterfaceOrientations_iPad = "UIInterfaceOrientationPortrait UIInterfaceOrientationPortraitUpsideDown UIInterfaceOrientationLandscapeLeft UIInterfaceOrientationLandscapeRight";
				INFOPLIST_KEY_UISupportedInterfaceOrientations_iPhone = UIInterfaceOrientationPortrait;
				IPHONEOS_DEPLOYMENT_TARGET = 17.6;
				LD_RUNPATH_SEARCH_PATHS = (
					"$(inherited)",
					"@executable_path/Frameworks",
				);
				MARKETING_VERSION = 1.5;
				PRODUCT_BUNDLE_IDENTIFIER = coldharbor.StitchSocial;
				PRODUCT_NAME = "$(TARGET_NAME)";
				SWIFT_EMIT_LOC_STRINGS = YES;
				SWIFT_VERSION = 5.0;
				TARGETED_DEVICE_FAMILY = "1,2";
			};
			name = Release;
		};
		676A0E3D2E50E40800709431 /* Debug */ = {
			isa = XCBuildConfiguration;
			buildSettings = {
				ALWAYS_SEARCH_USER_PATHS = NO;
				ASSETCATALOG_COMPILER_GENERATE_SWIFT_ASSET_SYMBOL_EXTENSIONS = YES;
				CLANG_ANALYZER_NONNULL = YES;
				CLANG_ANALYZER_NUMBER_OBJECT_CONVERSION = YES_AGGRESSIVE;
				CLANG_CXX_LANGUAGE_STANDARD = "gnu++20";
				CLANG_ENABLE_MODULES = YES;
				CLANG_ENABLE_OBJC_ARC = YES;
				CLANG_ENABLE_OBJC_WEAK = YES;
				CLANG_WARN_BLOCK_CAPTURE_AUTORELEASING = YES;
				CLANG_WARN_BOOL_CONVERSION = YES;
				CLANG_WARN_COMMA = YES;
				CLANG_WARN_CONSTANT_CONVERSION = YES;
				CLANG_WARN_DEPRECATED_OBJC_IMPLEMENTATIONS = YES;
				CLANG_WARN_DIRECT_OBJC_ISA_USAGE = YES_ERROR;
				CLANG_WARN_DOCUMENTATION_COMMENTS = YES;
				CLANG_WARN_EMPTY_BODY = YES;
				CLANG_WARN_ENUM_CONVERSION = YES;
				CLANG_WARN_INFINITE_RECURSION = YES;
				CLANG_WARN_INT_CONVERSION = YES;
				CLANG_WARN_NON_LITERAL_NULL_CONVERSION = YES;
				CLANG_WARN_OBJC_IMPLICIT_RETAIN_SELF = YES;
				CLANG_WARN_OBJC_LITERAL_CONVERSION = YES;
				CLANG_WARN_OBJC_ROOT_CLASS = YES_ERROR;
				CLANG_WARN_QUOTED_INCLUDE_IN_FRAMEWORK_HEADER = YES;
				CLANG_WARN_RANGE_LOOP_ANALYSIS = YES;
				CLANG_WARN_STRICT_PROTOTYPES = YES;
				CLANG_WARN_SUSPICIOUS_MOVE = YES;
				CLANG_WARN_UNGUARDED_AVAILABILITY = YES_AGGRESSIVE;
				CLANG_WARN_UNREACHABLE_CODE = YES;
				CLANG_WARN__DUPLICATE_METHOD_MATCH = YES;
				COPY_PHASE_STRIP = NO;
				DEBUG_INFORMATION_FORMAT = "dwarf-with-dsym";
				DEVELOPMENT_TEAM = ULR7W726N5;
				ENABLE_STRICT_OBJC_MSGSEND = YES;
				ENABLE_TESTABILITY = YES;
				ENABLE_USER_SCRIPT_SANDBOXING = YES;
				GCC_C_LANGUAGE_STANDARD = gnu17;
				GCC_DYNAMIC_NO_PIC = NO;
				GCC_NO_COMMON_BLOCKS = YES;
				GCC_OPTIMIZATION_LEVEL = 0;
				GCC_PREPROCESSOR_DEFINITIONS = (
					"DEBUG=1",
					"$(inherited)",
				);
				GCC_WARN_64_TO_32_BIT_CONVERSION = YES;
				GCC_WARN_ABOUT_RETURN_TYPE = YES_ERROR;
				GCC_WARN_UNDECLARED_SELECTOR = YES;
				GCC_WARN_UNINITIALIZED_AUTOS = YES_AGGRESSIVE;
				GCC_WARN_UNUSED_FUNCTION = YES;
				GCC_WARN_UNUSED_VARIABLE = YES;
				IPHONEOS_DEPLOYMENT_TARGET = 16.6;
				LOCALIZATION_PREFERS_STRING_CATALOGS = YES;
				MTL_ENABLE_DEBUG_INFO = INCLUDE_SOURCE;
				MTL_FAST_MATH = YES;
				ONLY_ACTIVE_ARCH = YES;
				SDKROOT = iphoneos;
				SWIFT_ACTIVE_COMPILATION_CONDITIONS = "DEBUG $(inherited)";
				SWIFT_OPTIMIZATION_LEVEL = "-Onone";
			};
			name = Debug;
		};
		676A0E3E2E50E40800709431 /* Release */ = {
			isa = XCBuildConfiguration;
			buildSettings = {
				ALWAYS_SEARCH_USER_PATHS = NO;
				ASSETCATALOG_COMPILER_GENERATE_SWIFT_ASSET_SYMBOL_EXTENSIONS = YES;
				CLANG_ANALYZER_NONNULL = YES;
				CLANG_ANALYZER_NUMBER_OBJECT_CONVERSION = YES_AGGRESSIVE;
				CLANG_CXX_LANGUAGE_STANDARD = "gnu++20";
				CLANG_ENABLE_MODULES = YES;
				CLANG_ENABLE_OBJC_ARC = YES;
				CLANG_ENABLE_OBJC_WEAK = YES;
				CLANG_WARN_BLOCK_CAPTURE_AUTORELEASING = YES;
				CLANG_WARN_BOOL_CONVERSION = YES;
				CLANG_WARN_COMMA = YES;
				CLANG_WARN_CONSTANT_CONVERSION = YES;
				CLANG_WARN_DEPRECATED_OBJC_IMPLEMENTATIONS = YES;
				CLANG_WARN_DIRECT_OBJC_ISA_USAGE = YES_ERROR;
				CLANG_WARN_DOCUMENTATION_COMMENTS = YES;
				CLANG_WARN_EMPTY_BODY = YES;
				CLANG_WARN_ENUM_CONVERSION = YES;
				CLANG_WARN_INFINITE_RECURSION = YES;
				CLANG_WARN_INT_CONVERSION = YES;
				CLANG_WARN_NON_LITERAL_NULL_CONVERSION = YES;
				CLANG_WARN_OBJC_IMPLICIT_RETAIN_SELF = YES;
				CLANG_WARN_OBJC_LITERAL_CONVERSION = YES;
				CLANG_WARN_OBJC_ROOT_CLASS = YES_ERROR;
				CLANG_WARN_QUOTED_INCLUDE_IN_FRAMEWORK_HEADER = YES;
				CLANG_WARN_RANGE_LOOP_ANALYSIS = YES;
				CLANG_WARN_STRICT_PROTOTYPES = YES;
				CLANG_WARN_SUSPICIOUS_MOVE = YES;
				CLANG_WARN_UNGUARDED_AVAILABILITY = YES_AGGRESSIVE;
				CLANG_WARN_UNREACHABLE_CODE = YES;
				CLANG_WARN__DUPLICATE_METHOD_MATCH = YES;
				COPY_PHASE_STRIP = NO;
				DEBUG_INFORMATION_FORMAT = "dwarf-with-dsym";
				DEVELOPMENT_TEAM = ULR7W726N5;
				ENABLE_NS_ASSERTIONS = NO;
				ENABLE_STRICT_OBJC_MSGSEND = YES;
				ENABLE_USER_SCRIPT_SANDBOXING = YES;
				GCC_C_LANGUAGE_STANDARD = gnu17;
				GCC_NO_COMMON_BLOCKS = YES;
				GCC_WARN_64_TO_32_BIT_CONVERSION = YES;
				GCC_WARN_ABOUT_RETURN_TYPE = YES_ERROR;
				GCC_WARN_UNDECLARED_SELECTOR = YES;
				GCC_WARN_UNINITIALIZED_AUTOS = YES_AGGRESSIVE;
				GCC_WARN_UNUSED_FUNCTION = YES;
				GCC_WARN_UNUSED_VARIABLE = YES;
				IPHONEOS_DEPLOYMENT_TARGET = 16.6;
				LOCALIZATION_PREFERS_STRING_CATALOGS = YES;
				MTL_ENABLE_DEBUG_INFO = NO;
				MTL_FAST_MATH = YES;
				SDKROOT = iphoneos;
				SWIFT_COMPILATION_MODE = wholemodule;
				VALIDATE_PRODUCT = YES;
			};
			name = Release;
		};
/* End XCBuildConfiguration section */

/* Begin XCConfigurationList section */
		676A0E242E50E40600709431 /* Build configuration list for PBXProject "StitchSocial" */ = {
			isa = XCConfigurationList;
			buildConfigurations = (
				676A0E3D2E50E40800709431 /* Debug */,
				676A0E3E2E50E40800709431 /* Release */,
			);
			defaultConfigurationIsVisible = 0;
			defaultConfigurationName = Release;
		};
		676A0E3A2E50E40800709431 /* Build configuration list for PBXNativeTarget "StitchSocial" */ = {
			isa = XCConfigurationList;
			buildConfigurations = (
				676A0E3B2E50E40800709431 /* Debug */,
				676A0E3C2E50E40800709431 /* Release */,
			);
			defaultConfigurationIsVisible = 0;
			defaultConfigurationName = Release;
		};
/* End XCConfigurationList section */

/* Begin XCRemoteSwiftPackageReference section */
		676A0EA62E50E4E700709431 /* XCRemoteSwiftPackageReference "firebase-ios-sdk" */ = {
			isa = XCRemoteSwiftPackageReference;
			repositoryURL = "https://github.com/firebase/firebase-ios-sdk.git";
			requirement = {
				kind = upToNextMajorVersion;
				minimumVersion = 12.1.0;
			};
		};
/* End XCRemoteSwiftPackageReference section */

/* Begin XCSwiftPackageProductDependency section */
		673BA8E22EADCB1300BF0F3C /* FirebaseAppCheck */ = {
			isa = XCSwiftPackageProductDependency;
			package = 676A0EA62E50E4E700709431 /* XCRemoteSwiftPackageReference "firebase-ios-sdk" */;
			productName = FirebaseAppCheck;
		};
		673BA8E42EADCB1300BF0F3C /* FirebaseAppDistribution-Beta */ = {
			isa = XCSwiftPackageProductDependency;
			package = 676A0EA62E50E4E700709431 /* XCRemoteSwiftPackageReference "firebase-ios-sdk" */;
			productName = "FirebaseAppDistribution-Beta";
		};
		673BA8E62EADCB1300BF0F3C /* FirebaseAuthCombine-Community */ = {
			isa = XCSwiftPackageProductDependency;
			package = 676A0EA62E50E4E700709431 /* XCRemoteSwiftPackageReference "firebase-ios-sdk" */;
			productName = "FirebaseAuthCombine-Community";
		};
		673BA8E82EADCB1300BF0F3C /* FirebaseFirestoreCombine-Community */ = {
			isa = XCSwiftPackageProductDependency;
			package = 676A0EA62E50E4E700709431 /* XCRemoteSwiftPackageReference "firebase-ios-sdk" */;
			productName = "FirebaseFirestoreCombine-Community";
		};
		673BA8EA2EADCB1300BF0F3C /* FirebaseFunctionsCombine-Community */ = {
			isa = XCSwiftPackageProductDependency;
			package = 676A0EA62E50E4E700709431 /* XCRemoteSwiftPackageReference "firebase-ios-sdk" */;
			productName = "FirebaseFunctionsCombine-Community";
		};
		673BA8EC2EADCB1300BF0F3C /* FirebaseInAppMessaging-Beta */ = {
			isa = XCSwiftPackageProductDependency;
			package = 676A0EA62E50E4E700709431 /* XCRemoteSwiftPackageReference "firebase-ios-sdk" */;
			productName = "FirebaseInAppMessaging-Beta";
		};
		673BA8EE2EADCB1300BF0F3C /* FirebaseRemoteConfig */ = {
			isa = XCSwiftPackageProductDependency;
			package = 676A0EA62E50E4E700709431 /* XCRemoteSwiftPackageReference "firebase-ios-sdk" */;
			productName = FirebaseRemoteConfig;
		};
		676A0EA72E50E4E700709431 /* FirebaseAnalytics */ = {
			isa = XCSwiftPackageProductDependency;
			package = 676A0EA62E50E4E700709431 /* XCRemoteSwiftPackageReference "firebase-ios-sdk" */;
			productName = FirebaseAnalytics;
		};
		676A0EA92E50E4E700709431 /* FirebaseAuth */ = {
			isa = XCSwiftPackageProductDependency;
			package = 676A0EA62E50E4E700709431 /* XCRemoteSwiftPackageReference "firebase-ios-sdk" */;
			productName = FirebaseAuth;
		};
		676A0EAB2E50E4E700709431 /* FirebaseCore */ = {
			isa = XCSwiftPackageProductDependency;
			package = 676A0EA62E50E4E700709431 /* XCRemoteSwiftPackageReference "firebase-ios-sdk" */;
			productName = FirebaseCore;
		};
		676A0EAD2E50E4E700709431 /* FirebaseCrashlytics */ = {
			isa = XCSwiftPackageProductDependency;
			package = 676A0EA62E50E4E700709431 /* XCRemoteSwiftPackageReference "firebase-ios-sdk" */;
			productName = FirebaseCrashlytics;
		};
		676A0EAF2E50E4E700709431 /* FirebaseDatabase */ = {
			isa = XCSwiftPackageProductDependency;
			package = 676A0EA62E50E4E700709431 /* XCRemoteSwiftPackageReference "firebase-ios-sdk" */;
			productName = FirebaseDatabase;
		};
		676A0EB12E50E4E700709431 /* FirebaseFirestore */ = {
			isa = XCSwiftPackageProductDependency;
			package = 676A0EA62E50E4E700709431 /* XCRemoteSwiftPackageReference "firebase-ios-sdk" */;
			productName = FirebaseFirestore;
		};
		676A0EB32E50E4E700709431 /* FirebaseFunctions */ = {
			isa = XCSwiftPackageProductDependency;
			package = 676A0EA62E50E4E700709431 /* XCRemoteSwiftPackageReference "firebase-ios-sdk" */;
			productName = FirebaseFunctions;
		};
		676A0EB52E50E4E700709431 /* FirebaseMessaging */ = {
			isa = XCSwiftPackageProductDependency;
			package = 676A0EA62E50E4E700709431 /* XCRemoteSwiftPackageReference "firebase-ios-sdk" */;
			productName = FirebaseMessaging;
		};
		676A0EB72E50E4E700709431 /* FirebaseStorage */ = {
			isa = XCSwiftPackageProductDependency;
			package = 676A0EA62E50E4E700709431 /* XCRemoteSwiftPackageReference "firebase-ios-sdk" */;
			productName = FirebaseStorage;
		};
/* End XCSwiftPackageProductDependency section */
	};
	rootObject = 676A0E212E50E40600709431 /* Project object */;
}
